
Microsoft Visual Studio Solution File, Format Version 12.00
# Visual Studio 2012
# SharpDevelop 5.0
VisualStudioVersion = 12.0.20827.3
MinimumVisualStudioVersion = 10.0.40219.1
Project("{FAE04EC0-301F-11D3-BF4B-00C04F79EFBC}") = "PoshDemo", "PoshDemo.csproj", "{AC83BBEE-F33C-48E0-A71E-EE5A5911D848}"
EndProject
Project("{FAE04EC0-301F-11D3-BF4B-00C04F79EFBC}") = "Posh", "..\Source\Posh.csproj", "{15E03D5B-2054-4BA6-9561-FA259EC195F0}"
EndProject
Global
	GlobalSection(SolutionConfigurationPlatforms) = preSolution
		Debug|Any CPU = Debug|Any CPU
		Release|Any CPU = Release|Any CPU
	EndGlobalSection
	GlobalSection(ProjectConfigurationPlatforms) = postSolution
		{AC83BBEE-F33C-48E0-A71E-EE5A5911D848}.Debug|Any CPU.ActiveCfg = Debug|Any CPU
		{AC83BBEE-F33C-48E0-A71E-EE5A5911D848}.Debug|Any CPU.Build.0 = Debug|Any CPU
		{AC83BBEE-F33C-48E0-A71E-EE5A5911D848}.Release|Any CPU.ActiveCfg = Release|Any CPU
		{AC83BBEE-F33C-48E0-A71E-EE5A5911D848}.Release|Any CPU.Build.0 = Release|Any CPU
		{15E03D5B-2054-4BA6-9561-FA259EC195F0}.Debug|Any CPU.ActiveCfg = Debug|Any CPU
		{15E03D5B-2054-4BA6-9561-FA259EC195F0}.Debug|Any CPU.Build.0 = Debug|Any CPU
		{15E03D5B-2054-4BA6-9561-FA259EC195F0}.Release|Any CPU.ActiveCfg = Release|Any CPU
		{15E03D5B-2054-4BA6-9561-FA259EC195F0}.Release|Any CPU.Build.0 = Release|Any CPU
	EndGlobalSection
EndGlobal
